// !$*UTF8*$!
{
	archiveVersion = 1;
	classes = {
	};
	objectVersion = 50;
	objects = {

/* Begin PBXBuildFile section */
		5ED17DB22667A75200E77736 /* ScrumdingerApp.swift in Sources */ = {isa = PBXBuildFile; fileRef = 5ED17DB12667A75200E77736 /* ScrumdingerApp.swift */; };
		5ED17DB42667A75200E77736 /* MeetingView.swift in Sources */ = {isa = PBXBuildFile; fileRef = 5ED17DB32667A75200E77736 /* MeetingView.swift */; };
		5ED17DB92667A75400E77736 /* Preview Assets.xcassets in Resources */ = {isa = PBXBuildFile; fileRef = 5ED17DB82667A75400E77736 /* Preview Assets.xcassets */; };
		5ED17DC42667B85C00E77736 /* Assets.xcassets in Resources */ = {isa = PBXBuildFile; fileRef = 5ED17DC32667B85C00E77736 /* Assets.xcassets */; };
		5ED17DC62667B8B900E77736 /* CardView.swift in Sources */ = {isa = PBXBuildFile; fileRef = 5ED17DC52667B8B900E77736 /* CardView.swift */; };
		5ED17DC82667BBE900E77736 /* Color+Codable.swift in Sources */ = {isa = PBXBuildFile; fileRef = 5ED17DC72667BBE900E77736 /* Color+Codable.swift */; };
		5ED17DCA2667BFBC00E77736 /* ScrumsView.swift in Sources */ = {isa = PBXBuildFile; fileRef = 5ED17DC92667BFBC00E77736 /* ScrumsView.swift */; };
		5ED17DCC2667C96200E77736 /* DetailView.swift in Sources */ = {isa = PBXBuildFile; fileRef = 5ED17DCB2667C96200E77736 /* DetailView.swift */; };
		5ED17DCF2667D1F400E77736 /* Editview.swift in Sources */ = {isa = PBXBuildFile; fileRef = 5ED17DCE2667D1F400E77736 /* Editview.swift */; };
		5ED17DD22668F72E00E77736 /* MeetingHeaderView.swift in Sources */ = {isa = PBXBuildFile; fileRef = 5ED17DD12668F72E00E77736 /* MeetingHeaderView.swift */; };
		5ED17DD5266901A200E77736 /* AVPlayer+Ding.swift in Sources */ = {isa = PBXBuildFile; fileRef = 5ED17DD3266901A100E77736 /* AVPlayer+Ding.swift */; };
		5ED17DD8266901DD00E77736 /* ScrumProgressViewStyle.swift in Sources */ = {isa = PBXBuildFile; fileRef = 5ED17DD7266901DD00E77736 /* ScrumProgressViewStyle.swift */; };
		5ED17DDA2669054B00E77736 /* MeetingFooterView.swift in Sources */ = {isa = PBXBuildFile; fileRef = 5ED17DD92669054B00E77736 /* MeetingFooterView.swift */; };
		5ED17DDC2669162A00E77736 /* ding.wav in Resources */ = {isa = PBXBuildFile; fileRef = 5ED17DDB2669162A00E77736 /* ding.wav */; };
		5ED17DE22669C33900E77736 /* DailyScrum.swift in Sources */ = {isa = PBXBuildFile; fileRef = 5ED17DE12669C33900E77736 /* DailyScrum.swift */; };
		5ED17DE42669C35300E77736 /* History.swift in Sources */ = {isa = PBXBuildFile; fileRef = 5ED17DE32669C35300E77736 /* History.swift */; };
		5ED17DE82669CA4900E77736 /* ScrumData.swift in Sources */ = {isa = PBXBuildFile; fileRef = 5ED17DE72669CA4900E77736 /* ScrumData.swift */; };
		5ED17DEB2669D83500E77736 /* MeetingTimerView.swift in Sources */ = {isa = PBXBuildFile; fileRef = 5ED17DEA2669D83500E77736 /* MeetingTimerView.swift */; };
		5ED17DEF2669EA9900E77736 /* ScrumTimer.swift in Sources */ = {isa = PBXBuildFile; fileRef = 5ED17DEE2669EA9900E77736 /* ScrumTimer.swift */; };
		5ED17DF12669F0CC00E77736 /* SpeechRecognizer.swift in Sources */ = {isa = PBXBuildFile; fileRef = 5ED17DF02669F0CC00E77736 /* SpeechRecognizer.swift */; };
		5ED17DF32669F2D400E77736 /* HistoryView.swift in Sources */ = {isa = PBXBuildFile; fileRef = 5ED17DF22669F2D400E77736 /* HistoryView.swift */; };
/* End PBXBuildFile section */

/* Begin PBXFileReference section */
		5ED17DAE2667A75200E77736 /* Scrumdinger.app */ = {isa = PBXFileReference; explicitFileType = wrapper.application; includeInIndex = 0; path = Scrumdinger.app; sourceTree = BUILT_PRODUCTS_DIR; };
		5ED17DB12667A75200E77736 /* ScrumdingerApp.swift */ = {isa = PBXFileReference; lastKnownFileType = sourcecode.swift; path = ScrumdingerApp.swift; sourceTree = "<group>"; };
		5ED17DB32667A75200E77736 /* MeetingView.swift */ = {isa = PBXFileReference; lastKnownFileType = sourcecode.swift; path = MeetingView.swift; sourceTree = "<group>"; };
		5ED17DB82667A75400E77736 /* Preview Assets.xcassets */ = {isa = PBXFileReference; lastKnownFileType = folder.assetcatalog; path = "Preview Assets.xcassets"; sourceTree = "<group>"; };
		5ED17DBA2667A75400E77736 /* Info.plist */ = {isa = PBXFileReference; lastKnownFileType = text.plist.xml; path = Info.plist; sourceTree = "<group>"; };
		5ED17DC32667B85C00E77736 /* Assets.xcassets */ = {isa = PBXFileReference; lastKnownFileType = folder.assetcatalog; name = Assets.xcassets; path = ../../../../Downloads/CreatingACardView/StartingPoint/Scrumdinger/Assets.xcassets; sourceTree = "<group>"; };
		5ED17DC52667B8B900E77736 /* CardView.swift */ = {isa = PBXFileReference; lastKnownFileType = sourcecode.swift; path = CardView.swift; sourceTree = "<group>"; };
		5ED17DC72667BBE900E77736 /* Color+Codable.swift */ = {isa = PBXFileReference; fileEncoding = 4; lastKnownFileType = sourcecode.swift; name = "Color+Codable.swift"; path = "../../../../../Downloads/CreatingACardView/StartingPoint/Scrumdinger/Models/Color+Codable.swift"; sourceTree = "<group>"; };
		5ED17DC92667BFBC00E77736 /* ScrumsView.swift */ = {isa = PBXFileReference; lastKnownFileType = sourcecode.swift; path = ScrumsView.swift; sourceTree = "<group>"; };
		5ED17DCB2667C96200E77736 /* DetailView.swift */ = {isa = PBXFileReference; lastKnownFileType = sourcecode.swift; path = DetailView.swift; sourceTree = "<group>"; };
		5ED17DCE2667D1F400E77736 /* Editview.swift */ = {isa = PBXFileReference; lastKnownFileType = sourcecode.swift; path = Editview.swift; sourceTree = "<group>"; };
		5ED17DD12668F72E00E77736 /* MeetingHeaderView.swift */ = {isa = PBXFileReference; lastKnownFileType = sourcecode.swift; path = MeetingHeaderView.swift; sourceTree = "<group>"; };
		5ED17DD3266901A100E77736 /* AVPlayer+Ding.swift */ = {isa = PBXFileReference; fileEncoding = 4; lastKnownFileType = sourcecode.swift; name = "AVPlayer+Ding.swift"; path = "../../../../../Downloads/ManagingStateAndLifeCycle/Complete/Scrumdinger/Scrumdinger/Models/AVPlayer+Ding.swift"; sourceTree = "<group>"; };
		5ED17DD7266901DD00E77736 /* ScrumProgressViewStyle.swift */ = {isa = PBXFileReference; fileEncoding = 4; lastKnownFileType = sourcecode.swift; path = ScrumProgressViewStyle.swift; sourceTree = "<group>"; };
		5ED17DD92669054B00E77736 /* MeetingFooterView.swift */ = {isa = PBXFileReference; lastKnownFileType = sourcecode.swift; path = MeetingFooterView.swift; sourceTree = "<group>"; };
		5ED17DDB2669162A00E77736 /* ding.wav */ = {isa = PBXFileReference; lastKnownFileType = audio.wav; path = ding.wav; sourceTree = "<group>"; };
		5ED17DE12669C33900E77736 /* DailyScrum.swift */ = {isa = PBXFileReference; fileEncoding = 4; lastKnownFileType = sourcecode.swift; name = DailyScrum.swift; path = ../../../../../Downloads/UpdatingAppData/Complete/Scrumdinger/Scrumdinger/Models/DailyScrum.swift; sourceTree = "<group>"; };
		5ED17DE32669C35300E77736 /* History.swift */ = {isa = PBXFileReference; fileEncoding = 4; lastKnownFileType = sourcecode.swift; name = History.swift; path = ../../../../../Downloads/UpdatingAppData/Complete/Scrumdinger/Scrumdinger/Models/History.swift; sourceTree = "<group>"; };
		5ED17DE72669CA4900E77736 /* ScrumData.swift */ = {isa = PBXFileReference; lastKnownFileType = sourcecode.swift; path = ScrumData.swift; sourceTree = "<group>"; };
		5ED17DEA2669D83500E77736 /* MeetingTimerView.swift */ = {isa = PBXFileReference; lastKnownFileType = sourcecode.swift; path = MeetingTimerView.swift; sourceTree = "<group>"; };
		5ED17DEE2669EA9900E77736 /* ScrumTimer.swift */ = {isa = PBXFileReference; fileEncoding = 4; lastKnownFileType = sourcecode.swift; name = ScrumTimer.swift; path = ../../../../../Downloads/DrawingTheTimerView/Complete/Scrumdinger/Scrumdinger/Models/ScrumTimer.swift; sourceTree = "<group>"; };
		5ED17DF02669F0CC00E77736 /* SpeechRecognizer.swift */ = {isa = PBXFileReference; fileEncoding = 4; lastKnownFileType = sourcecode.swift; name = SpeechRecognizer.swift; path = ../../../../../Downloads/TranscribingSpeechToText/Complete/Scrumdinger/Scrumdinger/Models/SpeechRecognizer.swift; sourceTree = "<group>"; };
		5ED17DF22669F2D400E77736 /* HistoryView.swift */ = {isa = PBXFileReference; lastKnownFileType = sourcecode.swift; path = HistoryView.swift; sourceTree = "<group>"; };
/* End PBXFileReference section */

/* Begin PBXFrameworksBuildPhase section */
		5ED17DAB2667A75200E77736 /* Frameworks */ = {
			isa = PBXFrameworksBuildPhase;
			buildActionMask = 2147483647;
			files = (
			);
			runOnlyForDeploymentPostprocessing = 0;
		};
/* End PBXFrameworksBuildPhase section */

/* Begin PBXGroup section */
		5ED17DA52667A75200E77736 = {
			isa = PBXGroup;
			children = (
				5ED17DB02667A75200E77736 /* Scrumdinger */,
				5ED17DAF2667A75200E77736 /* Products */,
			);
			sourceTree = "<group>";
		};
		5ED17DAF2667A75200E77736 /* Products */ = {
			isa = PBXGroup;
			children = (
				5ED17DAE2667A75200E77736 /* Scrumdinger.app */,
			);
			name = Products;
			sourceTree = "<group>";
		};
		5ED17DB02667A75200E77736 /* Scrumdinger */ = {
			isa = PBXGroup;
			children = (
				5ED17DE52669CA0000E77736 /* Resources */,
				5ED17DD02668F70A00E77736 /* View */,
				5ED17DC02667B59700E77736 /* Models */,
				5ED17DB12667A75200E77736 /* ScrumdingerApp.swift */,
				5ED17DD7266901DD00E77736 /* ScrumProgressViewStyle.swift */,
				5ED17DC32667B85C00E77736 /* Assets.xcassets */,
				5ED17DBA2667A75400E77736 /* Info.plist */,
				5ED17DB72667A75400E77736 /* Preview Content */,
			);
			path = Scrumdinger;
			sourceTree = "<group>";
		};
		5ED17DB72667A75400E77736 /* Preview Content */ = {
			isa = PBXGroup;
			children = (
				5ED17DB82667A75400E77736 /* Preview Assets.xcassets */,
			);
			path = "Preview Content";
			sourceTree = "<group>";
		};
		5ED17DC02667B59700E77736 /* Models */ = {
			isa = PBXGroup;
			children = (
				5ED17DF02669F0CC00E77736 /* SpeechRecognizer.swift */,
				5ED17DE32669C35300E77736 /* History.swift */,
				5ED17DEE2669EA9900E77736 /* ScrumTimer.swift */,
				5ED17DE12669C33900E77736 /* DailyScrum.swift */,
				5ED17DD3266901A100E77736 /* AVPlayer+Ding.swift */,
				5ED17DC72667BBE900E77736 /* Color+Codable.swift */,
			);
			path = Models;
			sourceTree = "<group>";
		};
		5ED17DD02668F70A00E77736 /* View */ = {
			isa = PBXGroup;
			children = (
				5ED17DE92669D7FA00E77736 /* MeetingView */,
				5ED17DC92667BFBC00E77736 /* ScrumsView.swift */,
				5ED17DC52667B8B900E77736 /* CardView.swift */,
				5ED17DCB2667C96200E77736 /* DetailView.swift */,
				5ED17DCE2667D1F400E77736 /* Editview.swift */,
				5ED17DF22669F2D400E77736 /* HistoryView.swift */,
			);
			path = View;
			sourceTree = "<group>";
		};
		5ED17DE52669CA0000E77736 /* Resources */ = {
			isa = PBXGroup;
			children = (
				5ED17DE72669CA4900E77736 /* ScrumData.swift */,
				5ED17DDB2669162A00E77736 /* ding.wav */,
			);
			path = Resources;
			sourceTree = "<group>";
		};
		5ED17DE92669D7FA00E77736 /* MeetingView */ = {
			isa = PBXGroup;
			children = (
				5ED17DB32667A75200E77736 /* MeetingView.swift */,
				5ED17DD12668F72E00E77736 /* MeetingHeaderView.swift */,
				5ED17DD92669054B00E77736 /* MeetingFooterView.swift */,
				5ED17DEA2669D83500E77736 /* MeetingTimerView.swift */,
			);
			path = MeetingView;
			sourceTree = "<group>";
		};
/* End PBXGroup section */

/* Begin PBXNativeTarget section */
		5ED17DAD2667A75200E77736 /* Scrumdinger */ = {
			isa = PBXNativeTarget;
			buildConfigurationList = 5ED17DBD2667A75400E77736 /* Build configuration list for PBXNativeTarget "Scrumdinger" */;
			buildPhases = (
				5ED17DAA2667A75200E77736 /* Sources */,
				5ED17DAB2667A75200E77736 /* Frameworks */,
				5ED17DAC2667A75200E77736 /* Resources */,
			);
			buildRules = (
			);
			dependencies = (
			);
			name = Scrumdinger;
			productName = Scrumdinger;
			productReference = 5ED17DAE2667A75200E77736 /* Scrumdinger.app */;
			productType = "com.apple.product-type.application";
		};
/* End PBXNativeTarget section */

/* Begin PBXProject section */
		5ED17DA62667A75200E77736 /* Project object */ = {
			isa = PBXProject;
			attributes = {
				LastSwiftUpdateCheck = 1250;
				LastUpgradeCheck = 1250;
				TargetAttributes = {
					5ED17DAD2667A75200E77736 = {
						CreatedOnToolsVersion = 12.5;
					};
				};
			};
			buildConfigurationList = 5ED17DA92667A75200E77736 /* Build configuration list for PBXProject "Scrumdinger" */;
			compatibilityVersion = "Xcode 9.3";
			developmentRegion = en;
			hasScannedForEncodings = 0;
			knownRegions = (
				en,
				Base,
			);
			mainGroup = 5ED17DA52667A75200E77736;
			productRefGroup = 5ED17DAF2667A75200E77736 /* Products */;
			projectDirPath = "";
			projectRoot = "";
			targets = (
				5ED17DAD2667A75200E77736 /* Scrumdinger */,
			);
		};
/* End PBXProject section */

/* Begin PBXResourcesBuildPhase section */
		5ED17DAC2667A75200E77736 /* Resources */ = {
			isa = PBXResourcesBuildPhase;
			buildActionMask = 2147483647;
			files = (
				5ED17DDC2669162A00E77736 /* ding.wav in Resources */,
				5ED17DB92667A75400E77736 /* Preview Assets.xcassets in Resources */,
				5ED17DC42667B85C00E77736 /* Assets.xcassets in Resources */,
			);
			runOnlyForDeploymentPostprocessing = 0;
		};
/* End PBXResourcesBuildPhase section */

/* Begin PBXSourcesBuildPhase section */
		5ED17DAA2667A75200E77736 /* Sources */ = {
			isa = PBXSourcesBuildPhase;
			buildActionMask = 2147483647;
			files = (
				5ED17DB42667A75200E77736 /* MeetingView.swift in Sources */,
				5ED17DCA2667BFBC00E77736 /* ScrumsView.swift in Sources */,
				5ED17DE42669C35300E77736 /* History.swift in Sources */,
				5ED17DF12669F0CC00E77736 /* SpeechRecognizer.swift in Sources */,
				5ED17DD8266901DD00E77736 /* ScrumProgressViewStyle.swift in Sources */,
				5ED17DCF2667D1F400E77736 /* Editview.swift in Sources */,
				5ED17DE82669CA4900E77736 /* ScrumData.swift in Sources */,
				5ED17DF32669F2D400E77736 /* HistoryView.swift in Sources */,
				5ED17DEB2669D83500E77736 /* MeetingTimerView.swift in Sources */,
				5ED17DE22669C33900E77736 /* DailyScrum.swift in Sources */,
				5ED17DDA2669054B00E77736 /* MeetingFooterView.swift in Sources */,
				5ED17DD22668F72E00E77736 /* MeetingHeaderView.swift in Sources */,
				5ED17DCC2667C96200E77736 /* DetailView.swift in Sources */,
				5ED17DEF2669EA9900E77736 /* ScrumTimer.swift in Sources */,
				5ED17DC62667B8B900E77736 /* CardView.swift in Sources */,
				5ED17DC82667BBE900E77736 /* Color+Codable.swift in Sources */,
				5ED17DB22667A75200E77736 /* ScrumdingerApp.swift in Sources */,
				5ED17DD5266901A200E77736 /* AVPlayer+Ding.swift in Sources */,
			);
			runOnlyForDeploymentPostprocessing = 0;
		};
/* End PBXSourcesBuildPhase section */

/* Begin XCBuildConfiguration section */
		5ED17DBB2667A75400E77736 /* Debug */ = {
			isa = XCBuildConfiguration;
			buildSettings = {
				ALWAYS_SEARCH_USER_PATHS = NO;
				CLANG_ANALYZER_NONNULL = YES;
				CLANG_ANALYZER_NUMBER_OBJECT_CONVERSION = YES_AGGRESSIVE;
				CLANG_CXX_LANGUAGE_STANDARD = "gnu++14";
				CLANG_CXX_LIBRARY = "libc++";
				CLANG_ENABLE_MODULES = YES;
				CLANG_ENABLE_OBJC_ARC = YES;
				CLANG_ENABLE_OBJC_WEAK = YES;
				CLANG_WARN_BLOCK_CAPTURE_AUTORELEASING = YES;
				CLANG_WARN_BOOL_CONVERSION = YES;
				CLANG_WARN_COMMA = YES;
				CLANG_WARN_CONSTANT_CONVERSION = YES;
				CLANG_WARN_DEPRECATED_OBJC_IMPLEMENTATIONS = YES;
				CLANG_WARN_DIRECT_OBJC_ISA_USAGE = YES_ERROR;
				CLANG_WARN_DOCUMENTATION_COMMENTS = YES;
				CLANG_WARN_EMPTY_BODY = YES;
				CLANG_WARN_ENUM_CONVERSION = YES;
				CLANG_WARN_INFINITE_RECURSION = YES;
				CLANG_WARN_INT_CONVERSION = YES;
				CLANG_WARN_NON_LITERAL_NULL_CONVERSION = YES;
				CLANG_WARN_OBJC_IMPLICIT_RETAIN_SELF = YES;
				CLANG_WARN_OBJC_LITERAL_CONVERSION = YES;
				CLANG_WARN_OBJC_ROOT_CLASS = YES_ERROR;
				CLANG_WARN_QUOTED_INCLUDE_IN_FRAMEWORK_HEADER = YES;
				CLANG_WARN_RANGE_LOOP_ANALYSIS = YES;
				CLANG_WARN_STRICT_PROTOTYPES = YES;
				CLANG_WARN_SUSPICIOUS_MOVE = YES;
				CLANG_WARN_UNGUARDED_AVAILABILITY = YES_AGGRESSIVE;
				CLANG_WARN_UNREACHABLE_CODE = YES;
				CLANG_WARN__DUPLICATE_METHOD_MATCH = YES;
				COPY_PHASE_STRIP = NO;
				DEBUG_INFORMATION_FORMAT = dwarf;
				ENABLE_STRICT_OBJC_MSGSEND = YES;
				ENABLE_TESTABILITY = YES;
				GCC_C_LANGUAGE_STANDARD = gnu11;
				GCC_DYNAMIC_NO_PIC = NO;
				GCC_NO_COMMON_BLOCKS = YES;
				GCC_OPTIMIZATION_LEVEL = 0;
				GCC_PREPROCESSOR_DEFINITIONS = (
					"DEBUG=1",
					"$(inherited)",
				);
				GCC_WARN_64_TO_32_BIT_CONVERSION = YES;
				GCC_WARN_ABOUT_RETURN_TYPE = YES_ERROR;
				GCC_WARN_UNDECLARED_SELECTOR = YES;
				GCC_WARN_UNINITIALIZED_AUTOS = YES_AGGRESSIVE;
				GCC_WARN_UNUSED_FUNCTION = YES;
				GCC_WARN_UNUSED_VARIABLE = YES;
				IPHONEOS_DEPLOYMENT_TARGET = 14.5;
				MTL_ENABLE_DEBUG_INFO = INCLUDE_SOURCE;
				MTL_FAST_MATH = YES;
				ONLY_ACTIVE_ARCH = YES;
				SDKROOT = iphoneos;
				SWIFT_ACTIVE_COMPILATION_CONDITIONS = DEBUG;
				SWIFT_OPTIMIZATION_LEVEL = "-Onone";
			};
			name = Debug;
		};
		5ED17DBC2667A75400E77736 /* Release */ = {
			isa = XCBuildConfiguration;
			buildSettings = {
				ALWAYS_SEARCH_USER_PATHS = NO;
				CLANG_ANALYZER_NONNULL = YES;
				CLANG_ANALYZER_NUMBER_OBJECT_CONVERSION = YES_AGGRESSIVE;
				CLANG_CXX_LANGUAGE_STANDARD = "gnu++14";
				CLANG_CXX_LIBRARY = "libc++";
				CLANG_ENABLE_MODULES = YES;
				CLANG_ENABLE_OBJC_ARC = YES;
				CLANG_ENABLE_OBJC_WEAK = YES;
				CLANG_WARN_BLOCK_CAPTURE_AUTORELEASING = YES;
				CLANG_WARN_BOOL_CONVERSION = YES;
				CLANG_WARN_COMMA = YES;
				CLANG_WARN_CONSTANT_CONVERSION = YES;
				CLANG_WARN_DEPRECATED_OBJC_IMPLEMENTATIONS = YES;
				CLANG_WARN_DIRECT_OBJC_ISA_USAGE = YES_ERROR;
				CLANG_WARN_DOCUMENTATION_COMMENTS = YES;
				CLANG_WARN_EMPTY_BODY = YES;
				CLANG_WARN_ENUM_CONVERSION = YES;
				CLANG_WARN_INFINITE_RECURSION = YES;
				CLANG_WARN_INT_CONVERSION = YES;
				CLANG_WARN_NON_LITERAL_NULL_CONVERSION = YES;
				CLANG_WARN_OBJC_IMPLICIT_RETAIN_SELF = YES;
				CLANG_WARN_OBJC_LITERAL_CONVERSION = YES;
				CLANG_WARN_OBJC_ROOT_CLASS = YES_ERROR;
				CLANG_WARN_QUOTED_INCLUDE_IN_FRAMEWORK_HEADER = YES;
				CLANG_WARN_RANGE_LOOP_ANALYSIS = YES;
				CLANG_WARN_STRICT_PROTOTYPES = YES;
				CLANG_WARN_SUSPICIOUS_MOVE = YES;
				CLANG_WARN_UNGUARDED_AVAILABILITY = YES_AGGRESSIVE;
				CLANG_WARN_UNREACHABLE_CODE = YES;
				CLANG_WARN__DUPLICATE_METHOD_MATCH = YES;
				COPY_PHASE_STRIP = NO;
				DEBUG_INFORMATION_FORMAT = "dwarf-with-dsym";
				ENABLE_NS_ASSERTIONS = NO;
				ENABLE_STRICT_OBJC_MSGSEND = YES;
				GCC_C_LANGUAGE_STANDARD = gnu11;
				GCC_NO_COMMON_BLOCKS = YES;
				GCC_WARN_64_TO_32_BIT_CONVERSION = YES;
				GCC_WARN_ABOUT_RETURN_TYPE = YES_ERROR;
				GCC_WARN_UNDECLARED_SELECTOR = YES;
				GCC_WARN_UNINITIALIZED_AUTOS = YES_AGGRESSIVE;
				GCC_WARN_UNUSED_FUNCTION = YES;
				GCC_WARN_UNUSED_VARIABLE = YES;
				IPHONEOS_DEPLOYMENT_TARGET = 14.5;
				MTL_ENABLE_DEBUG_INFO = NO;
				MTL_FAST_MATH = YES;
				SDKROOT = iphoneos;
				SWIFT_COMPILATION_MODE = wholemodule;
				SWIFT_OPTIMIZATION_LEVEL = "-O";
				VALIDATE_PRODUCT = YES;
			};
			name = Release;
		};
		5ED17DBE2667A75400E77736 /* Debug */ = {
			isa = XCBuildConfiguration;
			buildSettings = {
				ASSETCATALOG_COMPILER_APPICON_NAME = AppIcon;
				ASSETCATALOG_COMPILER_GLOBAL_ACCENT_COLOR_NAME = AccentColor;
				CODE_SIGN_STYLE = Automatic;
				DEVELOPMENT_ASSET_PATHS = "\"Scrumdinger/Preview Content\"";
				DEVELOPMENT_TEAM = F7DX767ZNK;
				ENABLE_PREVIEWS = YES;
				INFOPLIST_FILE = Scrumdinger/Info.plist;
				IPHONEOS_DEPLOYMENT_TARGET = 14.0;
				LD_RUNPATH_SEARCH_PATHS = (
					"$(inherited)",
					"@executable_path/Frameworks",
				);
				PRODUCT_BUNDLE_IDENTIFIER = "https---github.com-hyeongyeong.Scrumdinger";
				PRODUCT_NAME = "$(TARGET_NAME)";
				SWIFT_VERSION = 5.0;
				TARGETED_DEVICE_FAMILY = "1,2";
			};
			name = Debug;
		};
		5ED17DBF2667A75400E77736 /* Release */ = {
			isa = XCBuildConfiguration;
			buildSettings = {
				ASSETCATALOG_COMPILER_APPICON_NAME = AppIcon;
				ASSETCATALOG_COMPILER_GLOBAL_ACCENT_COLOR_NAME = AccentColor;
				CODE_SIGN_STYLE = Automatic;
				DEVELOPMENT_ASSET_PATHS = "\"Scrumdinger/Preview Content\"";
				DEVELOPMENT_TEAM = F7DX767ZNK;
				ENABLE_PREVIEWS = YES;
				INFOPLIST_FILE = Scrumdinger/Info.plist;
				IPHONEOS_DEPLOYMENT_TARGET = 14.0;
				LD_RUNPATH_SEARCH_PATHS = (
					"$(inherited)",
					"@executable_path/Frameworks",
				);
				PRODUCT_BUNDLE_IDENTIFIER = "https---github.com-hyeongyeong.Scrumdinger";
				PRODUCT_NAME = "$(TARGET_NAME)";
				SWIFT_VERSION = 5.0;
				TARGETED_DEVICE_FAMILY = "1,2";
			};
			name = Release;
		};
/* End XCBuildConfiguration section */

/* Begin XCConfigurationList section */
		5ED17DA92667A75200E77736 /* Build configuration list for PBXProject "Scrumdinger" */ = {
			isa = XCConfigurationList;
			buildConfigurations = (
				5ED17DBB2667A75400E77736 /* Debug */,
				5ED17DBC2667A75400E77736 /* Release */,
			);
			defaultConfigurationIsVisible = 0;
			defaultConfigurationName = Release;
		};
		5ED17DBD2667A75400E77736 /* Build configuration list for PBXNativeTarget "Scrumdinger" */ = {
			isa = XCConfigurationList;
			buildConfigurations = (
				5ED17DBE2667A75400E77736 /* Debug */,
				5ED17DBF2667A75400E77736 /* Release */,
			);
			defaultConfigurationIsVisible = 0;
			defaultConfigurationName = Release;
		};
/* End XCConfigurationList section */
	};
	rootObject = 5ED17DA62667A75200E77736 /* Project object */;
}
